// !$*UTF8*$!
{
	archiveVersion = 1;
	classes = {
	};
	objectVersion = 46;
	objects = {

/* Begin PBXBuildFile section */
		181EF2251F7CE3DB00B70039 /* AppDelegate.swift in Sources */ = {isa = PBXBuildFile; fileRef = 181EF2241F7CE3DB00B70039 /* AppDelegate.swift */; };
		181EF2271F7CE3DB00B70039 /* ViewController.swift in Sources */ = {isa = PBXBuildFile; fileRef = 181EF2261F7CE3DB00B70039 /* ViewController.swift */; };
		181EF22A1F7CE3DB00B70039 /* Main.storyboard in Resources */ = {isa = PBXBuildFile; fileRef = 181EF2281F7CE3DB00B70039 /* Main.storyboard */; };
		181EF22C1F7CE3DB00B70039 /* Assets.xcassets in Resources */ = {isa = PBXBuildFile; fileRef = 181EF22B1F7CE3DB00B70039 /* Assets.xcassets */; };
		181EF22F1F7CE3DB00B70039 /* LaunchScreen.storyboard in Resources */ = {isa = PBXBuildFile; fileRef = 181EF22D1F7CE3DB00B70039 /* LaunchScreen.storyboard */; };
		181EF2391F7CE77000B70039 /* Endpoint.swift in Sources */ = {isa = PBXBuildFile; fileRef = 181EF2381F7CE77000B70039 /* Endpoint.swift */; };
/* End PBXBuildFile section */

/* Begin PBXFileReference section */
		181EF2211F7CE3DB00B70039 /* MovieNight.app */ = {isa = PBXFileReference; explicitFileType = wrapper.application; includeInIndex = 0; path = MovieNight.app; sourceTree = BUILT_PRODUCTS_DIR; };
		181EF2241F7CE3DB00B70039 /* AppDelegate.swift */ = {isa = PBXFileReference; lastKnownFileType = sourcecode.swift; path = AppDelegate.swift; sourceTree = "<group>"; };
		181EF2261F7CE3DB00B70039 /* ViewController.swift */ = {isa = PBXFileReference; lastKnownFileType = sourcecode.swift; path = ViewController.swift; sourceTree = "<group>"; };
		181EF2291F7CE3DB00B70039 /* Base */ = {isa = PBXFileReference; lastKnownFileType = file.storyboard; name = Base; path = Base.lproj/Main.storyboard; sourceTree = "<group>"; };
		181EF22B1F7CE3DB00B70039 /* Assets.xcassets */ = {isa = PBXFileReference; lastKnownFileType = folder.assetcatalog; path = Assets.xcassets; sourceTree = "<group>"; };
		181EF22E1F7CE3DB00B70039 /* Base */ = {isa = PBXFileReference; lastKnownFileType = file.storyboard; name = Base; path = Base.lproj/LaunchScreen.storyboard; sourceTree = "<group>"; };
		181EF2301F7CE3DB00B70039 /* Info.plist */ = {isa = PBXFileReference; lastKnownFileType = text.plist.xml; path = Info.plist; sourceTree = "<group>"; };
		181EF2381F7CE77000B70039 /* Endpoint.swift */ = {isa = PBXFileReference; fileEncoding = 4; lastKnownFileType = sourcecode.swift; path = Endpoint.swift; sourceTree = "<group>"; };
/* End PBXFileReference section */

/* Begin PBXFrameworksBuildPhase section */
		181EF21E1F7CE3DB00B70039 /* Frameworks */ = {
			isa = PBXFrameworksBuildPhase;
			buildActionMask = 2147483647;
			files = (
			);
			runOnlyForDeploymentPostprocessing = 0;
		};
/* End PBXFrameworksBuildPhase section */

/* Begin PBXGroup section */
		181EF2181F7CE3DA00B70039 = {
			isa = PBXGroup;
			children = (
				181EF2231F7CE3DB00B70039 /* MovieNight */,
				181EF2221F7CE3DB00B70039 /* Products */,
			);
			sourceTree = "<group>";
		};
		181EF2221F7CE3DB00B70039 /* Products */ = {
			isa = PBXGroup;
			children = (
				181EF2211F7CE3DB00B70039 /* MovieNight.app */,
			);
			name = Products;
			sourceTree = "<group>";
		};
		181EF2231F7CE3DB00B70039 /* MovieNight */ = {
			isa = PBXGroup;
			children = (
				181EF2371F7CE6F800B70039 /* Networking */,
				181EF2361F7CE6CB00B70039 /* Model */,
				181EF2241F7CE3DB00B70039 /* AppDelegate.swift */,
				181EF2261F7CE3DB00B70039 /* ViewController.swift */,
				181EF2281F7CE3DB00B70039 /* Main.storyboard */,
				181EF22B1F7CE3DB00B70039 /* Assets.xcassets */,
				181EF22D1F7CE3DB00B70039 /* LaunchScreen.storyboard */,
				181EF2301F7CE3DB00B70039 /* Info.plist */,
			);
			path = MovieNight;
			sourceTree = "<group>";
		};
		181EF2361F7CE6CB00B70039 /* Model */ = {
			isa = PBXGroup;
			children = (
			);
			name = Model;
			sourceTree = "<group>";
		};
		181EF2371F7CE6F800B70039 /* Networking */ = {
			isa = PBXGroup;
			children = (
				181EF2381F7CE77000B70039 /* Endpoint.swift */,
			);
			name = Networking;
			sourceTree = "<group>";
		};
/* End PBXGroup section */

/* Begin PBXNativeTarget section */
		181EF2201F7CE3DB00B70039 /* MovieNight */ = {
			isa = PBXNativeTarget;
			buildConfigurationList = 181EF2331F7CE3DB00B70039 /* Build configuration list for PBXNativeTarget "MovieNight" */;
			buildPhases = (
				181EF21D1F7CE3DB00B70039 /* Sources */,
				181EF21E1F7CE3DB00B70039 /* Frameworks */,
				181EF21F1F7CE3DB00B70039 /* Resources */,
			);
			buildRules = (
			);
			dependencies = (
			);
			name = MovieNight;
			productName = MovieNight;
			productReference = 181EF2211F7CE3DB00B70039 /* MovieNight.app */;
			productType = "com.apple.product-type.application";
		};
/* End PBXNativeTarget section */

/* Begin PBXProject section */
		181EF2191F7CE3DA00B70039 /* Project object */ = {
			isa = PBXProject;
			attributes = {
				LastSwiftUpdateCheck = 0830;
				LastUpgradeCheck = 0830;
				ORGANIZATIONNAME = "Angus Muller";
				TargetAttributes = {
					181EF2201F7CE3DB00B70039 = {
						CreatedOnToolsVersion = 8.3.3;
						DevelopmentTeam = W47864AP4M;
						ProvisioningStyle = Automatic;
					};
				};
			};
			buildConfigurationList = 181EF21C1F7CE3DB00B70039 /* Build configuration list for PBXProject "MovieNight" */;
			compatibilityVersion = "Xcode 3.2";
			developmentRegion = English;
			hasScannedForEncodings = 0;
			knownRegions = (
				en,
				Base,
			);
			mainGroup = 181EF2181F7CE3DA00B70039;
			productRefGroup = 181EF2221F7CE3DB00B70039 /* Products */;
			projectDirPath = "";
			projectRoot = "";
			targets = (
				181EF2201F7CE3DB00B70039 /* MovieNight */,
			);
		};
/* End PBXProject section */

/* Begin PBXResourcesBuildPhase section */
		181EF21F1F7CE3DB00B70039 /* Resources */ = {
			isa = PBXResourcesBuildPhase;
			buildActionMask = 2147483647;
			files = (
				181EF22F1F7CE3DB00B70039 /* LaunchScreen.storyboard in Resources */,
				181EF22C1F7CE3DB00B70039 /* Assets.xcassets in Resources */,
				181EF22A1F7CE3DB00B70039 /* Main.storyboard in Resources */,
			);
			runOnlyForDeploymentPostprocessing = 0;
		};
/* End PBXResourcesBuildPhase section */

/* Begin PBXSourcesBuildPhase section */
		181EF21D1F7CE3DB00B70039 /* Sources */ = {
			isa = PBXSourcesBuildPhase;
			buildActionMask = 2147483647;
			files = (
				181EF2271F7CE3DB00B70039 /* ViewController.swift in Sources */,
				181EF2391F7CE77000B70039 /* Endpoint.swift in Sources */,
				181EF2251F7CE3DB00B70039 /* AppDelegate.swift in Sources */,
			);
			runOnlyForDeploymentPostprocessing = 0;
		};
/* End PBXSourcesBuildPhase section */

/* Begin PBXVariantGroup section */
		181EF2281F7CE3DB00B70039 /* Main.storyboard */ = {
			isa = PBXVariantGroup;
			children = (
				181EF2291F7CE3DB00B70039 /* Base */,
			);
			name = Main.storyboard;
			sourceTree = "<group>";
		};
		181EF22D1F7CE3DB00B70039 /* LaunchScreen.storyboard */ = {
			isa = PBXVariantGroup;
			children = (
				181EF22E1F7CE3DB00B70039 /* Base */,
			);
			name = LaunchScreen.storyboard;
			sourceTree = "<group>";
		};
/* End PBXVariantGroup section */

/* Begin XCBuildConfiguration section */
		181EF2311F7CE3DB00B70039 /* Debug */ = {
			isa = XCBuildConfiguration;
			buildSettings = {
				ALWAYS_SEARCH_USER_PATHS = NO;
				CLANG_ANALYZER_NONNULL = YES;
				CLANG_ANALYZER_NUMBER_OBJECT_CONVERSION = YES_AGGRESSIVE;
				CLANG_CXX_LANGUAGE_STANDARD = "gnu++0x";
				CLANG_CXX_LIBRARY = "libc++";
				CLANG_ENABLE_MODULES = YES;
				CLANG_ENABLE_OBJC_ARC = YES;
				CLANG_WARN_BOOL_CONVERSION = YES;
				CLANG_WARN_CONSTANT_CONVERSION = YES;
				CLANG_WARN_DIRECT_OBJC_ISA_USAGE = YES_ERROR;
				CLANG_WARN_DOCUMENTATION_COMMENTS = YES;
				CLANG_WARN_EMPTY_BODY = YES;
				CLANG_WARN_ENUM_CONVERSION = YES;
				CLANG_WARN_INFINITE_RECURSION = YES;
				CLANG_WARN_INT_CONVERSION = YES;
				CLANG_WARN_OBJC_ROOT_CLASS = YES_ERROR;
				CLANG_WARN_SUSPICIOUS_MOVE = YES;
				CLANG_WARN_UNREACHABLE_CODE = YES;
				CLANG_WARN__DUPLICATE_METHOD_MATCH = YES;
				"CODE_SIGN_IDENTITY[sdk=iphoneos*]" = "iPhone Developer";
				COPY_PHASE_STRIP = NO;
				DEBUG_INFORMATION_FORMAT = dwarf;
				ENABLE_STRICT_OBJC_MSGSEND = YES;
				ENABLE_TESTABILITY = YES;
				GCC_C_LANGUAGE_STANDARD = gnu99;
				GCC_DYNAMIC_NO_PIC = NO;
				GCC_NO_COMMON_BLOCKS = YES;
				GCC_OPTIMIZATION_LEVEL = 0;
				GCC_PREPROCESSOR_DEFINITIONS = (
					"DEBUG=1",
					"$(inherited)",
				);
				GCC_WARN_64_TO_32_BIT_CONVERSION = YES;
				GCC_WARN_ABOUT_RETURN_TYPE = YES_ERROR;
				GCC_WARN_UNDECLARED_SELECTOR = YES;
				GCC_WARN_UNINITIALIZED_AUTOS = YES_AGGRESSIVE;
				GCC_WARN_UNUSED_FUNCTION = YES;
				GCC_WARN_UNUSED_VARIABLE = YES;
				IPHONEOS_DEPLOYMENT_TARGET = 10.3;
				MTL_ENABLE_DEBUG_INFO = YES;
				ONLY_ACTIVE_ARCH = YES;
				SDKROOT = iphoneos;
				SWIFT_ACTIVE_COMPILATION_CONDITIONS = DEBUG;
				SWIFT_OPTIMIZATION_LEVEL = "-Onone";
			};
			name = Debug;
		};
		181EF2321F7CE3DB00B70039 /* Release */ = {
			isa = XCBuildConfiguration;
			buildSettings = {
				ALWAYS_SEARCH_USER_PATHS = NO;
				CLANG_ANALYZER_NONNULL = YES;
				CLANG_ANALYZER_NUMBER_OBJECT_CONVERSION = YES_AGGRESSIVE;
				CLANG_CXX_LANGUAGE_STANDARD = "gnu++0x";
				CLANG_CXX_LIBRARY = "libc++";
				CLANG_ENABLE_MODULES = YES;
				CLANG_ENABLE_OBJC_ARC = YES;
				CLANG_WARN_BOOL_CONVERSION = YES;
				CLANG_WARN_CONSTANT_CONVERSION = YES;
				CLANG_WARN_DIRECT_OBJC_ISA_USAGE = YES_ERROR;
				CLANG_WARN_DOCUMENTATION_COMMENTS = YES;
				CLANG_WARN_EMPTY_BODY = YES;
				CLANG_WARN_ENUM_CONVERSION = YES;
				CLANG_WARN_INFINITE_RECURSION = YES;
				CLANG_WARN_INT_CONVERSION = YES;
				CLANG_WARN_OBJC_ROOT_CLASS = YES_ERROR;
				CLANG_WARN_SUSPICIOUS_MOVE = YES;
				CLANG_WARN_UNREACHABLE_CODE = YES;
				CLANG_WARN__DUPLICATE_METHOD_MATCH = YES;
				"CODE_SIGN_IDENTITY[sdk=iphoneos*]" = "iPhone Developer";
				COPY_PHASE_STRIP = NO;
				DEBUG_INFORMATION_FORMAT = "dwarf-with-dsym";
				ENABLE_NS_ASSERTIONS = NO;
				ENABLE_STRICT_OBJC_MSGSEND = YES;
				GCC_C_LANGUAGE_STANDARD = gnu99;
				GCC_NO_COMMON_BLOCKS = YES;
				GCC_WARN_64_TO_32_BIT_CONVERSION = YES;
				GCC_WARN_ABOUT_RETURN_TYPE = YES_ERROR;
				GCC_WARN_UNDECLARED_SELECTOR = YES;
				GCC_WARN_UNINITIALIZED_AUTOS = YES_AGGRESSIVE;
				GCC_WARN_UNUSED_FUNCTION = YES;
				GCC_WARN_UNUSED_VARIABLE = YES;
				IPHONEOS_DEPLOYMENT_TARGET = 10.3;
				MTL_ENABLE_DEBUG_INFO = NO;
				SDKROOT = iphoneos;
				SWIFT_OPTIMIZATION_LEVEL = "-Owholemodule";
				VALIDATE_PRODUCT = YES;
			};
			name = Release;
		};
		181EF2341F7CE3DB00B70039 /* Debug */ = {
			isa = XCBuildConfiguration;
			buildSettings = {
				ASSETCATALOG_COMPILER_APPICON_NAME = AppIcon;
				DEVELOPMENT_TEAM = W47864AP4M;
				INFOPLIST_FILE = MovieNight/Info.plist;
				LD_RUNPATH_SEARCH_PATHS = "$(inherited) @executable_path/Frameworks";
				PRODUCT_BUNDLE_IDENTIFIER = angusmuller.MovieNight;
				PRODUCT_NAME = "$(TARGET_NAME)";
				SWIFT_VERSION = 3.0;
			};
			name = Debug;
		};
		181EF2351F7CE3DB00B70039 /* Release */ = {
			isa = XCBuildConfiguration;
			buildSettings = {
				ASSETCATALOG_COMPILER_APPICON_NAME = AppIcon;
				DEVELOPMENT_TEAM = W47864AP4M;
				INFOPLIST_FILE = MovieNight/Info.plist;
				LD_RUNPATH_SEARCH_PATHS = "$(inherited) @executable_path/Frameworks";
				PRODUCT_BUNDLE_IDENTIFIER = angusmuller.MovieNight;
				PRODUCT_NAME = "$(TARGET_NAME)";
				SWIFT_VERSION = 3.0;
			};
			name = Release;
		};
/* End XCBuildConfiguration section */

/* Begin XCConfigurationList section */
		181EF21C1F7CE3DB00B70039 /* Build configuration list for PBXProject "MovieNight" */ = {
			isa = XCConfigurationList;
			buildConfigurations = (
				181EF2311F7CE3DB00B70039 /* Debug */,
				181EF2321F7CE3DB00B70039 /* Release */,
			);
			defaultConfigurationIsVisible = 0;
			defaultConfigurationName = Release;
		};
		181EF2331F7CE3DB00B70039 /* Build configuration list for PBXNativeTarget "MovieNight" */ = {
			isa = XCConfigurationList;
			buildConfigurations = (
				181EF2341F7CE3DB00B70039 /* Debug */,
				181EF2351F7CE3DB00B70039 /* Release */,
			);
			defaultConfigurationIsVisible = 0;
		};
/* End XCConfigurationList section */
	};
	rootObject = 181EF2191F7CE3DA00B70039 /* Project object */;
}
